
Microsoft Visual Studio Solution File, Format Version 12.00
# Visual Studio 15
VisualStudioVersion = 15.0.28307.572
MinimumVisualStudioVersion = 15.0.0.0
Project("{262852C6-CD72-467D-83FE-5EEB1973A190}") = "Contoso.ModernPosPackagingSample.ModernPos", "ModernPos\Contoso.ModernPosPackagingSample.ModernPos.jsproj", "{20292722-7895-4388-812B-837317D7FC0C}"
EndProject
Project("{9A19103F-16F7-4668-BE54-9A1E7A4F7556}") = "Contoso.ModernPosPackagingSample.CommerceRuntime", "CommerceRuntime\Contoso.ModernPosPackagingSample.CommerceRuntime.csproj", "{AE7BFC80-DA85-4EE3-BCCD-56E7F04693E2}"
EndProject
Project("{9A19103F-16F7-4668-BE54-9A1E7A4F7556}") = "Contoso.ModernPosPackagingSample.Pos", "Pos.Extension\Contoso.ModernPosPackagingSample.Pos.csproj", "{7F899A75-E3C0-4C7A-9455-371AD1876E80}"
EndProject
Project("{9A19103F-16F7-4668-BE54-9A1E7A4F7556}") = "Contoso.ModernPosPackagingSample.ModernPos.Installer", "ModernPos.Installer\Contoso.ModernPosPackagingSample.ModernPos.Installer.csproj", "{76552A8D-6394-468E-8593-6EF9E789666F}"
EndProject
Project("{9A19103F-16F7-4668-BE54-9A1E7A4F7556}") = "Contoso.ModernPosPackagingSample.ChannelDatabase", "ChannelDatabase\Contoso.ModernPosPackagingSample.ChannelDatabase.csproj", "{A04650E5-FD87-46B9-B075-822C183F3528}"
EndProject
Global
	GlobalSection(SolutionConfigurationPlatforms) = preSolution
		Debug|Any CPU = Debug|Any CPU
		Debug|x86 = Debug|x86
		Release|Any CPU = Release|Any CPU
		Release|x86 = Release|x86
	EndGlobalSection
	GlobalSection(ProjectConfigurationPlatforms) = postSolution
		{20292722-7895-4388-812B-837317D7FC0C}.Debug|Any CPU.ActiveCfg = Debug|x86
		{20292722-7895-4388-812B-837317D7FC0C}.Debug|Any CPU.Build.0 = Debug|x86
		{20292722-7895-4388-812B-837317D7FC0C}.Debug|Any CPU.Deploy.0 = Debug|x86
		{20292722-7895-4388-812B-837317D7FC0C}.Debug|x86.ActiveCfg = Debug|x86
		{20292722-7895-4388-812B-837317D7FC0C}.Debug|x86.Build.0 = Debug|x86
		{20292722-7895-4388-812B-837317D7FC0C}.Debug|x86.Deploy.0 = Debug|x86
		{20292722-7895-4388-812B-837317D7FC0C}.Release|Any CPU.ActiveCfg = Release|x86
		{20292722-7895-4388-812B-837317D7FC0C}.Release|Any CPU.Build.0 = Release|x86
		{20292722-7895-4388-812B-837317D7FC0C}.Release|Any CPU.Deploy.0 = Release|x86
		{20292722-7895-4388-812B-837317D7FC0C}.Release|x86.ActiveCfg = Release|x86
		{20292722-7895-4388-812B-837317D7FC0C}.Release|x86.Build.0 = Release|x86
		{20292722-7895-4388-812B-837317D7FC0C}.Release|x86.Deploy.0 = Release|x86
		{AE7BFC80-DA85-4EE3-BCCD-56E7F04693E2}.Debug|Any CPU.ActiveCfg = Debug|Any CPU
		{AE7BFC80-DA85-4EE3-BCCD-56E7F04693E2}.Debug|Any CPU.Build.0 = Debug|Any CPU
		{AE7BFC80-DA85-4EE3-BCCD-56E7F04693E2}.Debug|x86.ActiveCfg = Debug|Any CPU
		{AE7BFC80-DA85-4EE3-BCCD-56E7F04693E2}.Debug|x86.Build.0 = Debug|Any CPU
		{AE7BFC80-DA85-4EE3-BCCD-56E7F04693E2}.Release|Any CPU.ActiveCfg = Release|Any CPU
		{AE7BFC80-DA85-4EE3-BCCD-56E7F04693E2}.Release|Any CPU.Build.0 = Release|Any CPU
		{AE7BFC80-DA85-4EE3-BCCD-56E7F04693E2}.Release|x86.ActiveCfg = Release|Any CPU
		{AE7BFC80-DA85-4EE3-BCCD-56E7F04693E2}.Release|x86.Build.0 = Release|Any CPU
		{7F899A75-E3C0-4C7A-9455-371AD1876E80}.Debug|Any CPU.ActiveCfg = Debug|Any CPU
		{7F899A75-E3C0-4C7A-9455-371AD1876E80}.Debug|Any CPU.Build.0 = Debug|Any CPU
		{7F899A75-E3C0-4C7A-9455-371AD1876E80}.Debug|x86.ActiveCfg = Debug|Any CPU
		{7F899A75-E3C0-4C7A-9455-371AD1876E80}.Debug|x86.Build.0 = Debug|Any CPU
		{7F899A75-E3C0-4C7A-9455-371AD1876E80}.Release|Any CPU.ActiveCfg = Release|Any CPU
		{7F899A75-E3C0-4C7A-9455-371AD1876E80}.Release|Any CPU.Build.0 = Release|Any CPU
		{7F899A75-E3C0-4C7A-9455-371AD1876E80}.Release|x86.ActiveCfg = Release|Any CPU
		{7F899A75-E3C0-4C7A-9455-371AD1876E80}.Release|x86.Build.0 = Release|Any CPU
		{76552A8D-6394-468E-8593-6EF9E789666F}.Debug|Any CPU.ActiveCfg = Debug|Any CPU
		{76552A8D-6394-468E-8593-6EF9E789666F}.Debug|Any CPU.Build.0 = Debug|Any CPU
		{76552A8D-6394-468E-8593-6EF9E789666F}.Debug|x86.ActiveCfg = Debug|Any CPU
		{76552A8D-6394-468E-8593-6EF9E789666F}.Debug|x86.Build.0 = Debug|Any CPU
		{76552A8D-6394-468E-8593-6EF9E789666F}.Release|Any CPU.ActiveCfg = Release|Any CPU
		{76552A8D-6394-468E-8593-6EF9E789666F}.Release|Any CPU.Build.0 = Release|Any CPU
		{76552A8D-6394-468E-8593-6EF9E789666F}.Release|x86.ActiveCfg = Release|Any CPU
		{76552A8D-6394-468E-8593-6EF9E789666F}.Release|x86.Build.0 = Release|Any CPU
		{A04650E5-FD87-46B9-B075-822C183F3528}.Debug|Any CPU.ActiveCfg = Debug|Any CPU
		{A04650E5-FD87-46B9-B075-822C183F3528}.Debug|Any CPU.Build.0 = Debug|Any CPU
		{A04650E5-FD87-46B9-B075-822C183F3528}.Debug|x86.ActiveCfg = Debug|Any CPU
		{A04650E5-FD87-46B9-B075-822C183F3528}.Debug|x86.Build.0 = Debug|Any CPU
		{A04650E5-FD87-46B9-B075-822C183F3528}.Release|Any CPU.ActiveCfg = Release|Any CPU
		{A04650E5-FD87-46B9-B075-822C183F3528}.Release|Any CPU.Build.0 = Release|Any CPU
		{A04650E5-FD87-46B9-B075-822C183F3528}.Release|x86.ActiveCfg = Release|Any CPU
		{A04650E5-FD87-46B9-B075-822C183F3528}.Release|x86.Build.0 = Release|Any CPU
	EndGlobalSection
	GlobalSection(SolutionProperties) = preSolution
		HideSolutionNode = FALSE
	EndGlobalSection
	GlobalSection(ExtensibilityGlobals) = postSolution
		SolutionGuid = {3FBFEFA0-E0F3-4D72-AB14-92D96824C584}
	EndGlobalSection
EndGlobal
