Microsoft Visual Studio Solution File, Format Version 12.00
# Visual Studio 15
VisualStudioVersion = 15.0.28307.572
MinimumVisualStudioVersion = 15.0.0.0
Project("{9A19103F-16F7-4668-BE54-9A1E7A4F7556}") = "Contoso.StoreCommercePackagingSample.CommerceRuntime", "CommerceRuntime\Contoso.StoreCommercePackagingSample.CommerceRuntime.csproj", "{AB736233-4FD4-4D88-B9CF-B3C5ADE45D28}"
EndProject
Project("{9A19103F-16F7-4668-BE54-9A1E7A4F7556}") = "Contoso.StoreCommercePackagingSample.StoreCommerce.Installer", "StoreCommerce.Installer\Contoso.StoreCommercePackagingSample.StoreCommerce.Installer.csproj", "{A0CEA225-A427-463A-B9D8-9DAB892B5E89}"
    ProjectSection(ProjectDependencies) = postProject
		{AB736233-4FD4-4D88-B9CF-B3C5ADE45D28} = {AB736233-4FD4-4D88-B9CF-B3C5ADE45D28}
	EndProjectSection
EndProject
Project("{9A19103F-16F7-4668-BE54-9A1E7A4F7556}") = "Contoso.StoreCommercePackagingSample.ChannelDatabase", "ChannelDatabase\Contoso.StoreCommercePackagingSample.ChannelDatabase.csproj", "{70924F96-D4FC-4885-93FD-17DF94EB3602}"
EndProject
Project("{9A19103F-16F7-4668-BE54-9A1E7A4F7556}") = "Contoso.StoreCommercePackagingSample.Pos", "Pos\Contoso.StoreCommercePackagingSample.Pos.csproj", "{D099E054-B6EA-4AE9-B9FD-1D4217922F43}"
EndProject
Project("{9A19103F-16F7-4668-BE54-9A1E7A4F7556}") = "Contoso.StoreCommercePackagingSample.HardwareStation", "HardwareStation\Contoso.StoreCommercePackagingSample.HardwareStation.csproj", "{EA33FFE0-2D8A-4BF5-B9A0-E8C514A5FFB1}"
EndProject
Global
	GlobalSection(SolutionConfigurationPlatforms) = preSolution
		Debug|Any CPU = Debug|Any CPU
		Release|Any CPU = Release|Any CPU
	EndGlobalSection
	GlobalSection(ProjectConfigurationPlatforms) = postSolution
		{A0CEA225-A427-463A-B9D8-9DAB892B5E89}.Debug|Any CPU.ActiveCfg = Debug|Any CPU
		{A0CEA225-A427-463A-B9D8-9DAB892B5E89}.Debug|Any CPU.Build.0 = Debug|Any CPU
		{A0CEA225-A427-463A-B9D8-9DAB892B5E89}.Debug|Any CPU.Deploy.0 = Debug|Any CPU
		{A0CEA225-A427-463A-B9D8-9DAB892B5E89}.Release|Any CPU.ActiveCfg = Release|Any CPU
		{A0CEA225-A427-463A-B9D8-9DAB892B5E89}.Release|Any CPU.Build.0 = Release|Any CPU
		{A0CEA225-A427-463A-B9D8-9DAB892B5E89}.Release|Any CPU.Deploy.0 = Release|Any CPU
		{AB736233-4FD4-4D88-B9CF-B3C5ADE45D28}.Debug|Any CPU.ActiveCfg = Debug|Any CPU
		{AB736233-4FD4-4D88-B9CF-B3C5ADE45D28}.Debug|Any CPU.Build.0 = Debug|Any CPU
		{AB736233-4FD4-4D88-B9CF-B3C5ADE45D28}.Release|Any CPU.ActiveCfg = Release|Any CPU
		{AB736233-4FD4-4D88-B9CF-B3C5ADE45D28}.Release|Any CPU.Build.0 = Release|Any CPU
		{70924F96-D4FC-4885-93FD-17DF94EB3602}.Debug|Any CPU.ActiveCfg = Debug|Any CPU
		{70924F96-D4FC-4885-93FD-17DF94EB3602}.Debug|Any CPU.Build.0 = Debug|Any CPU
		{70924F96-D4FC-4885-93FD-17DF94EB3602}.Release|Any CPU.ActiveCfg = Release|Any CPU
		{70924F96-D4FC-4885-93FD-17DF94EB3602}.Release|Any CPU.Build.0 = Release|Any CPU
		{D099E054-B6EA-4AE9-B9FD-1D4217922F43}.Debug|Any CPU.ActiveCfg = Debug|Any CPU
		{D099E054-B6EA-4AE9-B9FD-1D4217922F43}.Debug|Any CPU.Build.0 = Debug|Any CPU
		{D099E054-B6EA-4AE9-B9FD-1D4217922F43}.Release|Any CPU.ActiveCfg = Release|Any CPU
		{D099E054-B6EA-4AE9-B9FD-1D4217922F43}.Release|Any CPU.Build.0 = Release|Any CPU
		{EA33FFE0-2D8A-4BF5-B9A0-E8C514A5FFB1}.Debug|Any CPU.ActiveCfg = Debug|Any CPU
		{EA33FFE0-2D8A-4BF5-B9A0-E8C514A5FFB1}.Debug|Any CPU.Build.0 = Debug|Any CPU
		{EA33FFE0-2D8A-4BF5-B9A0-E8C514A5FFB1}.Release|Any CPU.ActiveCfg = Release|Any CPU
		{EA33FFE0-2D8A-4BF5-B9A0-E8C514A5FFB1}.Release|Any CPU.Build.0 = Release|Any CPU
	EndGlobalSection
	GlobalSection(SolutionProperties) = preSolution
		HideSolutionNode = FALSE
	EndGlobalSection
	GlobalSection(ExtensibilityGlobals) = postSolution
		SolutionGuid = {94595632-82A6-4FBA-BA6F-A595F070BC98}
	EndGlobalSection
EndGlobal
