
Microsoft Visual Studio Solution File, Format Version 12.00
# Visual Studio Version 17
VisualStudioVersion = 17.6.33829.357
MinimumVisualStudioVersion = 10.0.40219.1
Project("{9A19103F-16F7-4668-BE54-9A1E7A4F7556}") = "Contoso.DualDisplaySample.CommerceRuntime", "CommerceRuntime\Contoso.DualDisplaySample.CommerceRuntime.csproj", "{34A2BED1-43ED-4056-8D8A-223DF6144398}"
EndProject
Project("{9A19103F-16F7-4668-BE54-9A1E7A4F7556}") = "Contoso.DualDisplaySample.Pos", "Pos\Contoso.DualDisplaySample.Pos.csproj", "{18BDB38A-8504-416D-9059-418CD9E45B13}"
EndProject
Project("{9A19103F-16F7-4668-BE54-9A1E7A4F7556}") = "Contoso.DualDisplaySample.ScaleUnit.Installer", "ScaleUnit.Installer\Contoso.DualDisplaySample.ScaleUnit.Installer.csproj", "{BEB959AD-FF9C-4AF3-B1CF-AF19ADE28E38}"
EndProject
Project("{9A19103F-16F7-4668-BE54-9A1E7A4F7556}") = "Contoso.DualDisplaySample.StoreCommerce.Installer", "StoreCommerce.Installer\Contoso.DualDisplaySample.StoreCommerce.Installer.csproj", "{1D716FAE-3A83-4D9C-BD5F-9551F4B26D5B}"
EndProject
Global
	GlobalSection(SolutionConfigurationPlatforms) = preSolution
		Debug|Any CPU = Debug|Any CPU
		Release|Any CPU = Release|Any CPU
	EndGlobalSection
	GlobalSection(ProjectConfigurationPlatforms) = postSolution
		{34A2BED1-43ED-4056-8D8A-223DF6144398}.Debug|Any CPU.ActiveCfg = Debug|Any CPU
		{34A2BED1-43ED-4056-8D8A-223DF6144398}.Debug|Any CPU.Build.0 = Debug|Any CPU
		{34A2BED1-43ED-4056-8D8A-223DF6144398}.Release|Any CPU.ActiveCfg = Release|Any CPU
		{34A2BED1-43ED-4056-8D8A-223DF6144398}.Release|Any CPU.Build.0 = Release|Any CPU
		{18BDB38A-8504-416D-9059-418CD9E45B13}.Debug|Any CPU.ActiveCfg = Debug|Any CPU
		{18BDB38A-8504-416D-9059-418CD9E45B13}.Debug|Any CPU.Build.0 = Debug|Any CPU
		{18BDB38A-8504-416D-9059-418CD9E45B13}.Release|Any CPU.ActiveCfg = Release|Any CPU
		{18BDB38A-8504-416D-9059-418CD9E45B13}.Release|Any CPU.Build.0 = Release|Any CPU
		{BEB959AD-FF9C-4AF3-B1CF-AF19ADE28E38}.Debug|Any CPU.ActiveCfg = Debug|Any CPU
		{BEB959AD-FF9C-4AF3-B1CF-AF19ADE28E38}.Debug|Any CPU.Build.0 = Debug|Any CPU
		{BEB959AD-FF9C-4AF3-B1CF-AF19ADE28E38}.Release|Any CPU.ActiveCfg = Release|Any CPU
		{BEB959AD-FF9C-4AF3-B1CF-AF19ADE28E38}.Release|Any CPU.Build.0 = Release|Any CPU
		{1D716FAE-3A83-4D9C-BD5F-9551F4B26D5B}.Debug|Any CPU.ActiveCfg = Debug|Any CPU
		{1D716FAE-3A83-4D9C-BD5F-9551F4B26D5B}.Debug|Any CPU.Build.0 = Debug|Any CPU
		{1D716FAE-3A83-4D9C-BD5F-9551F4B26D5B}.Release|Any CPU.ActiveCfg = Release|Any CPU
		{1D716FAE-3A83-4D9C-BD5F-9551F4B26D5B}.Release|Any CPU.Build.0 = Release|Any CPU
	EndGlobalSection
	GlobalSection(SolutionProperties) = preSolution
		HideSolutionNode = FALSE
	EndGlobalSection
EndGlobal
