
Microsoft Visual Studio Solution File, Format Version 12.00
# Visual Studio 15
VisualStudioVersion = 15.0.28307.1267
MinimumVisualStudioVersion = 10.0.40219.1
Project("{9A19103F-16F7-4668-BE54-9A1E7A4F7556}") = "Contoso.GasStationSample.CommerceRuntime", "CommerceRuntime\Contoso.GasStationSample.CommerceRuntime.csproj", "{B8A7B1EE-77B1-4AF4-80DF-C672160BE7ED}"
EndProject
Project("{9A19103F-16F7-4668-BE54-9A1E7A4F7556}") = "Contoso.GasStationSample.Pos", "Pos\Contoso.GasStationSample.Pos.csproj", "{6D76CFBD-13CE-462B-AFDC-26BD97F37115}"
EndProject
Project("{9A19103F-16F7-4668-BE54-9A1E7A4F7556}") = "Contoso.GasStationSample.ScaleUnit", "ScaleUnit\Contoso.GasStationSample.ScaleUnit.csproj", "{D61BB82F-4494-4D67-9995-9BDAA708B553}"
EndProject
Project("{9A19103F-16F7-4668-BE54-9A1E7A4F7556}") = "Contoso.GasStationSample.StoreCommerce.Installer", "StoreCommerce.Installer\Contoso.GasStationSample.StoreCommerce.Installer.csproj", "{B1850AE4-5B13-401B-9811-2256CBC72003}"
	ProjectSection(ProjectDependencies) = postProject
		{B8A7B1EE-77B1-4AF4-80DF-C672160BE7ED} = {B8A7B1EE-77B1-4AF4-80DF-C672160BE7ED}
	EndProjectSection
EndProject
Global
	GlobalSection(SolutionConfigurationPlatforms) = preSolution
		Debug|Any CPU = Debug|Any CPU
		Release|Any CPU = Release|Any CPU
	EndGlobalSection
	GlobalSection(ProjectConfigurationPlatforms) = postSolution
		{B8A7B1EE-77B1-4AF4-80DF-C672160BE7ED}.Debug|Any CPU.ActiveCfg = Debug|Any CPU
		{B8A7B1EE-77B1-4AF4-80DF-C672160BE7ED}.Debug|Any CPU.Build.0 = Debug|Any CPU
		{B8A7B1EE-77B1-4AF4-80DF-C672160BE7ED}.Release|Any CPU.ActiveCfg = Release|Any CPU
		{B8A7B1EE-77B1-4AF4-80DF-C672160BE7ED}.Release|Any CPU.Build.0 = Release|Any CPU
		{6D76CFBD-13CE-462B-AFDC-26BD97F37115}.Debug|Any CPU.ActiveCfg = Debug|Any CPU
		{6D76CFBD-13CE-462B-AFDC-26BD97F37115}.Debug|Any CPU.Build.0 = Debug|Any CPU
		{6D76CFBD-13CE-462B-AFDC-26BD97F37115}.Release|Any CPU.ActiveCfg = Release|Any CPU
		{6D76CFBD-13CE-462B-AFDC-26BD97F37115}.Release|Any CPU.Build.0 = Release|Any CPU
		{D61BB82F-4494-4D67-9995-9BDAA708B553}.Debug|Any CPU.ActiveCfg = Debug|Any CPU
		{D61BB82F-4494-4D67-9995-9BDAA708B553}.Debug|Any CPU.Build.0 = Debug|Any CPU
		{D61BB82F-4494-4D67-9995-9BDAA708B553}.Release|Any CPU.ActiveCfg = Release|Any CPU
		{D61BB82F-4494-4D67-9995-9BDAA708B553}.Release|Any CPU.Build.0 = Release|Any CPU
		{B1850AE4-5B13-401B-9811-2256CBC72003}.Debug|Any CPU.ActiveCfg = Debug|Any CPU
		{B1850AE4-5B13-401B-9811-2256CBC72003}.Debug|Any CPU.Build.0 = Debug|Any CPU
		{B1850AE4-5B13-401B-9811-2256CBC72003}.Release|Any CPU.ActiveCfg = Release|Any CPU
		{B1850AE4-5B13-401B-9811-2256CBC72003}.Release|Any CPU.Build.0 = Release|Any CPU
	EndGlobalSection
	GlobalSection(SolutionProperties) = preSolution
		HideSolutionNode = FALSE
	EndGlobalSection
	GlobalSection(ExtensibilityGlobals) = postSolution
		SolutionGuid = {66879A64-04B7-4246-A1F6-A8556C9BF793}
	EndGlobalSection
EndGlobal
